// !$*UTF8*$!
{
	archiveVersion = 1;
	classes = {
	};
	objectVersion = 48;
	objects = {

/* Begin PBXBuildFile section */
		305E12981F2A7F5500A64D68 /* FavouritesTableViewController.swift in Sources */ = {isa = PBXBuildFile; fileRef = 305E12971F2A7F5500A64D68 /* FavouritesTableViewController.swift */; };
		305E129A1F2A807D00A64D68 /* FavouritesCell.swift in Sources */ = {isa = PBXBuildFile; fileRef = 305E12991F2A807D00A64D68 /* FavouritesCell.swift */; };
		308C718A1F2A1B1E0047AB4D /* AppDelegate.swift in Sources */ = {isa = PBXBuildFile; fileRef = 308C71891F2A1B1E0047AB4D /* AppDelegate.swift */; };
		308C718C1F2A1B1E0047AB4D /* NowPlayingViewController.swift in Sources */ = {isa = PBXBuildFile; fileRef = 308C718B1F2A1B1E0047AB4D /* NowPlayingViewController.swift */; };
		308C718E1F2A1B1E0047AB4D /* MovieDetailsViewController.swift in Sources */ = {isa = PBXBuildFile; fileRef = 308C718D1F2A1B1E0047AB4D /* MovieDetailsViewController.swift */; };
		308C71911F2A1B1E0047AB4D /* Main.storyboard in Resources */ = {isa = PBXBuildFile; fileRef = 308C718F1F2A1B1E0047AB4D /* Main.storyboard */; };
		308C71931F2A1B1E0047AB4D /* Assets.xcassets in Resources */ = {isa = PBXBuildFile; fileRef = 308C71921F2A1B1E0047AB4D /* Assets.xcassets */; };
		308C71961F2A1B1E0047AB4D /* LaunchScreen.storyboard in Resources */ = {isa = PBXBuildFile; fileRef = 308C71941F2A1B1E0047AB4D /* LaunchScreen.storyboard */; };
		308C71A11F2A1B1E0047AB4D /* MovieDBTests.swift in Sources */ = {isa = PBXBuildFile; fileRef = 308C71A01F2A1B1E0047AB4D /* MovieDBTests.swift */; };
		308C71AC1F2A1B1E0047AB4D /* MovieDBUITests.swift in Sources */ = {isa = PBXBuildFile; fileRef = 308C71AB1F2A1B1E0047AB4D /* MovieDBUITests.swift */; };
		308C71BC1F2A1CE60047AB4D /* MovieDBService.swift in Sources */ = {isa = PBXBuildFile; fileRef = 308C71BB1F2A1CE60047AB4D /* MovieDBService.swift */; };
		308C71BE1F2A1E080047AB4D /* NowPlaying.swift in Sources */ = {isa = PBXBuildFile; fileRef = 308C71BD1F2A1E080047AB4D /* NowPlaying.swift */; };
		308C71C01F2A1F270047AB4D /* Movie.swift in Sources */ = {isa = PBXBuildFile; fileRef = 308C71BF1F2A1F270047AB4D /* Movie.swift */; };
		308C71C21F2A1FA10047AB4D /* MovieCollection.swift in Sources */ = {isa = PBXBuildFile; fileRef = 308C71C11F2A1FA10047AB4D /* MovieCollection.swift */; };
		308C71C51F2A23E70047AB4D /* NowPlayingViewModel.swift in Sources */ = {isa = PBXBuildFile; fileRef = 308C71C41F2A23E70047AB4D /* NowPlayingViewModel.swift */; };
		30CAE6591F2A33B400437314 /* MovieSummaryCell.swift in Sources */ = {isa = PBXBuildFile; fileRef = 30CAE6581F2A33B400437314 /* MovieSummaryCell.swift */; };
		30CAE65B1F2A34AB00437314 /* UIImageViewExtension.swift in Sources */ = {isa = PBXBuildFile; fileRef = 30CAE65A1F2A34AB00437314 /* UIImageViewExtension.swift */; };
		30CAE65D1F2A395400437314 /* MovieViewModel.swift in Sources */ = {isa = PBXBuildFile; fileRef = 30CAE65C1F2A395400437314 /* MovieViewModel.swift */; };
		30D3AFD81F2B6C8D0057C616 /* FilterTests.swift in Sources */ = {isa = PBXBuildFile; fileRef = 30D3AFD71F2B6C8D0057C616 /* FilterTests.swift */; };
		30D3AFDA1F2B6DCD0057C616 /* SortByTests.swift in Sources */ = {isa = PBXBuildFile; fileRef = 30D3AFD91F2B6DCD0057C616 /* SortByTests.swift */; };
		30E747371F2A42E000751CF9 /* MovieSummaryViewModel.swift in Sources */ = {isa = PBXBuildFile; fileRef = 30E747361F2A42E000751CF9 /* MovieSummaryViewModel.swift */; };
		30E747391F2A441D00751CF9 /* MovieSummary.swift in Sources */ = {isa = PBXBuildFile; fileRef = 30E747381F2A441D00751CF9 /* MovieSummary.swift */; };
		30E7473C1F2A55B500751CF9 /* MoviePersistanceService.swift in Sources */ = {isa = PBXBuildFile; fileRef = 30E7473B1F2A55B500751CF9 /* MoviePersistanceService.swift */; };
		30E7473E1F2A688300751CF9 /* MovieSummaryCell.xib in Resources */ = {isa = PBXBuildFile; fileRef = 30E7473D1F2A688300751CF9 /* MovieSummaryCell.xib */; };
		30E802701F2A78E20015816B /* FilterOptionsViewController.swift in Sources */ = {isa = PBXBuildFile; fileRef = 30E8026F1F2A78E20015816B /* FilterOptionsViewController.swift */; };
		30F4F2F71F2B223D0054924B /* NowPlayingViewModelTests.swift in Sources */ = {isa = PBXBuildFile; fileRef = 30F4F2F61F2B223D0054924B /* NowPlayingViewModelTests.swift */; };
/* End PBXBuildFile section */

/* Begin PBXContainerItemProxy section */
		308C719D1F2A1B1E0047AB4D /* PBXContainerItemProxy */ = {
			isa = PBXContainerItemProxy;
			containerPortal = 308C717E1F2A1B1E0047AB4D /* Project object */;
			proxyType = 1;
			remoteGlobalIDString = 308C71851F2A1B1E0047AB4D;
			remoteInfo = MovieDB;
		};
		308C71A81F2A1B1E0047AB4D /* PBXContainerItemProxy */ = {
			isa = PBXContainerItemProxy;
			containerPortal = 308C717E1F2A1B1E0047AB4D /* Project object */;
			proxyType = 1;
			remoteGlobalIDString = 308C71851F2A1B1E0047AB4D;
			remoteInfo = MovieDB;
		};
/* End PBXContainerItemProxy section */

/* Begin PBXFileReference section */
		305E12971F2A7F5500A64D68 /* FavouritesTableViewController.swift */ = {isa = PBXFileReference; lastKnownFileType = sourcecode.swift; path = FavouritesTableViewController.swift; sourceTree = "<group>"; };
		305E12991F2A807D00A64D68 /* FavouritesCell.swift */ = {isa = PBXFileReference; lastKnownFileType = sourcecode.swift; path = FavouritesCell.swift; sourceTree = "<group>"; };
		308C71861F2A1B1E0047AB4D /* MovieDB.app */ = {isa = PBXFileReference; explicitFileType = wrapper.application; includeInIndex = 0; path = MovieDB.app; sourceTree = BUILT_PRODUCTS_DIR; };
		308C71891F2A1B1E0047AB4D /* AppDelegate.swift */ = {isa = PBXFileReference; lastKnownFileType = sourcecode.swift; path = AppDelegate.swift; sourceTree = "<group>"; };
		308C718B1F2A1B1E0047AB4D /* NowPlayingViewController.swift */ = {isa = PBXFileReference; lastKnownFileType = sourcecode.swift; path = NowPlayingViewController.swift; sourceTree = "<group>"; };
		308C718D1F2A1B1E0047AB4D /* MovieDetailsViewController.swift */ = {isa = PBXFileReference; lastKnownFileType = sourcecode.swift; path = MovieDetailsViewController.swift; sourceTree = "<group>"; };
		308C71901F2A1B1E0047AB4D /* Base */ = {isa = PBXFileReference; lastKnownFileType = file.storyboard; name = Base; path = Base.lproj/Main.storyboard; sourceTree = "<group>"; };
		308C71921F2A1B1E0047AB4D /* Assets.xcassets */ = {isa = PBXFileReference; lastKnownFileType = folder.assetcatalog; path = Assets.xcassets; sourceTree = "<group>"; };
		308C71951F2A1B1E0047AB4D /* Base */ = {isa = PBXFileReference; lastKnownFileType = file.storyboard; name = Base; path = Base.lproj/LaunchScreen.storyboard; sourceTree = "<group>"; };
		308C71971F2A1B1E0047AB4D /* Info.plist */ = {isa = PBXFileReference; lastKnownFileType = text.plist.xml; path = Info.plist; sourceTree = "<group>"; };
		308C719C1F2A1B1E0047AB4D /* MovieDBTests.xctest */ = {isa = PBXFileReference; explicitFileType = wrapper.cfbundle; includeInIndex = 0; path = MovieDBTests.xctest; sourceTree = BUILT_PRODUCTS_DIR; };
		308C71A01F2A1B1E0047AB4D /* MovieDBTests.swift */ = {isa = PBXFileReference; lastKnownFileType = sourcecode.swift; path = MovieDBTests.swift; sourceTree = "<group>"; };
		308C71A21F2A1B1E0047AB4D /* Info.plist */ = {isa = PBXFileReference; lastKnownFileType = text.plist.xml; path = Info.plist; sourceTree = "<group>"; };
		308C71A71F2A1B1E0047AB4D /* MovieDBUITests.xctest */ = {isa = PBXFileReference; explicitFileType = wrapper.cfbundle; includeInIndex = 0; path = MovieDBUITests.xctest; sourceTree = BUILT_PRODUCTS_DIR; };
		308C71AB1F2A1B1E0047AB4D /* MovieDBUITests.swift */ = {isa = PBXFileReference; lastKnownFileType = sourcecode.swift; path = MovieDBUITests.swift; sourceTree = "<group>"; };
		308C71AD1F2A1B1E0047AB4D /* Info.plist */ = {isa = PBXFileReference; lastKnownFileType = text.plist.xml; path = Info.plist; sourceTree = "<group>"; };
		308C71BB1F2A1CE60047AB4D /* MovieDBService.swift */ = {isa = PBXFileReference; lastKnownFileType = sourcecode.swift; path = MovieDBService.swift; sourceTree = "<group>"; };
		308C71BD1F2A1E080047AB4D /* NowPlaying.swift */ = {isa = PBXFileReference; lastKnownFileType = sourcecode.swift; path = NowPlaying.swift; sourceTree = "<group>"; };
		308C71BF1F2A1F270047AB4D /* Movie.swift */ = {isa = PBXFileReference; lastKnownFileType = sourcecode.swift; path = Movie.swift; sourceTree = "<group>"; };
		308C71C11F2A1FA10047AB4D /* MovieCollection.swift */ = {isa = PBXFileReference; lastKnownFileType = sourcecode.swift; path = MovieCollection.swift; sourceTree = "<group>"; };
		308C71C41F2A23E70047AB4D /* NowPlayingViewModel.swift */ = {isa = PBXFileReference; lastKnownFileType = sourcecode.swift; path = NowPlayingViewModel.swift; sourceTree = "<group>"; };
		30CAE6581F2A33B400437314 /* MovieSummaryCell.swift */ = {isa = PBXFileReference; lastKnownFileType = sourcecode.swift; path = MovieSummaryCell.swift; sourceTree = "<group>"; };
		30CAE65A1F2A34AB00437314 /* UIImageViewExtension.swift */ = {isa = PBXFileReference; lastKnownFileType = sourcecode.swift; path = UIImageViewExtension.swift; sourceTree = "<group>"; };
		30CAE65C1F2A395400437314 /* MovieViewModel.swift */ = {isa = PBXFileReference; lastKnownFileType = sourcecode.swift; path = MovieViewModel.swift; sourceTree = "<group>"; };
		30D3AFD71F2B6C8D0057C616 /* FilterTests.swift */ = {isa = PBXFileReference; lastKnownFileType = sourcecode.swift; path = FilterTests.swift; sourceTree = "<group>"; };
		30D3AFD91F2B6DCD0057C616 /* SortByTests.swift */ = {isa = PBXFileReference; lastKnownFileType = sourcecode.swift; path = SortByTests.swift; sourceTree = "<group>"; };
		30E747361F2A42E000751CF9 /* MovieSummaryViewModel.swift */ = {isa = PBXFileReference; lastKnownFileType = sourcecode.swift; path = MovieSummaryViewModel.swift; sourceTree = "<group>"; };
		30E747381F2A441D00751CF9 /* MovieSummary.swift */ = {isa = PBXFileReference; lastKnownFileType = sourcecode.swift; path = MovieSummary.swift; sourceTree = "<group>"; };
		30E7473B1F2A55B500751CF9 /* MoviePersistanceService.swift */ = {isa = PBXFileReference; lastKnownFileType = sourcecode.swift; path = MoviePersistanceService.swift; sourceTree = "<group>"; };
		30E7473D1F2A688300751CF9 /* MovieSummaryCell.xib */ = {isa = PBXFileReference; lastKnownFileType = file.xib; path = MovieSummaryCell.xib; sourceTree = "<group>"; };
		30E8026F1F2A78E20015816B /* FilterOptionsViewController.swift */ = {isa = PBXFileReference; lastKnownFileType = sourcecode.swift; path = FilterOptionsViewController.swift; sourceTree = "<group>"; };
		30F4F2F61F2B223D0054924B /* NowPlayingViewModelTests.swift */ = {isa = PBXFileReference; lastKnownFileType = sourcecode.swift; path = NowPlayingViewModelTests.swift; sourceTree = "<group>"; };
/* End PBXFileReference section */

/* Begin PBXFrameworksBuildPhase section */
		308C71831F2A1B1E0047AB4D /* Frameworks */ = {
			isa = PBXFrameworksBuildPhase;
			buildActionMask = 2147483647;
			files = (
			);
			runOnlyForDeploymentPostprocessing = 0;
		};
		308C71991F2A1B1E0047AB4D /* Frameworks */ = {
			isa = PBXFrameworksBuildPhase;
			buildActionMask = 2147483647;
			files = (
			);
			runOnlyForDeploymentPostprocessing = 0;
		};
		308C71A41F2A1B1E0047AB4D /* Frameworks */ = {
			isa = PBXFrameworksBuildPhase;
			buildActionMask = 2147483647;
			files = (
			);
			runOnlyForDeploymentPostprocessing = 0;
		};
/* End PBXFrameworksBuildPhase section */

/* Begin PBXGroup section */
		305E12961F2A7F3F00A64D68 /* Favourites */ = {
			isa = PBXGroup;
			children = (
				305E12971F2A7F5500A64D68 /* FavouritesTableViewController.swift */,
				305E12991F2A807D00A64D68 /* FavouritesCell.swift */,
			);
			path = Favourites;
			sourceTree = "<group>";
		};
		308C717D1F2A1B1E0047AB4D = {
			isa = PBXGroup;
			children = (
				308C71881F2A1B1E0047AB4D /* MovieDB */,
				308C719F1F2A1B1E0047AB4D /* MovieDBTests */,
				308C71AA1F2A1B1E0047AB4D /* MovieDBUITests */,
				308C71871F2A1B1E0047AB4D /* Products */,
			);
			sourceTree = "<group>";
		};
		308C71871F2A1B1E0047AB4D /* Products */ = {
			isa = PBXGroup;
			children = (
				308C71861F2A1B1E0047AB4D /* MovieDB.app */,
				308C719C1F2A1B1E0047AB4D /* MovieDBTests.xctest */,
				308C71A71F2A1B1E0047AB4D /* MovieDBUITests.xctest */,
			);
			name = Products;
			sourceTree = "<group>";
		};
		308C71881F2A1B1E0047AB4D /* MovieDB */ = {
			isa = PBXGroup;
			children = (
				305E12961F2A7F3F00A64D68 /* Favourites */,
				30E8026E1F2A78D00015816B /* FilterOptions */,
				308C71C31F2A23C60047AB4D /* NowPlaying */,
				308C71BA1F2A1B360047AB4D /* Service */,
				308C71B91F2A1B2C0047AB4D /* MovieDetails */,
				308C71891F2A1B1E0047AB4D /* AppDelegate.swift */,
				30E7473A1F2A481600751CF9 /* Extensions */,
				308C718F1F2A1B1E0047AB4D /* Main.storyboard */,
				308C71921F2A1B1E0047AB4D /* Assets.xcassets */,
				308C71941F2A1B1E0047AB4D /* LaunchScreen.storyboard */,
				308C71971F2A1B1E0047AB4D /* Info.plist */,
			);
			path = MovieDB;
			sourceTree = "<group>";
		};
		308C719F1F2A1B1E0047AB4D /* MovieDBTests */ = {
			isa = PBXGroup;
			children = (
				308C71A01F2A1B1E0047AB4D /* MovieDBTests.swift */,
				30D3AFD71F2B6C8D0057C616 /* FilterTests.swift */,
				30D3AFD91F2B6DCD0057C616 /* SortByTests.swift */,
				308C71A21F2A1B1E0047AB4D /* Info.plist */,
				30F4F2F61F2B223D0054924B /* NowPlayingViewModelTests.swift */,
			);
			path = MovieDBTests;
			sourceTree = "<group>";
		};
		308C71AA1F2A1B1E0047AB4D /* MovieDBUITests */ = {
			isa = PBXGroup;
			children = (
				308C71AB1F2A1B1E0047AB4D /* MovieDBUITests.swift */,
				308C71AD1F2A1B1E0047AB4D /* Info.plist */,
			);
			path = MovieDBUITests;
			sourceTree = "<group>";
		};
		308C71B91F2A1B2C0047AB4D /* MovieDetails */ = {
			isa = PBXGroup;
			children = (
				308C71C11F2A1FA10047AB4D /* MovieCollection.swift */,
				308C71BF1F2A1F270047AB4D /* Movie.swift */,
				30CAE65C1F2A395400437314 /* MovieViewModel.swift */,
				308C718D1F2A1B1E0047AB4D /* MovieDetailsViewController.swift */,
			);
			path = MovieDetails;
			sourceTree = "<group>";
		};
		308C71BA1F2A1B360047AB4D /* Service */ = {
			isa = PBXGroup;
			children = (
				308C71BB1F2A1CE60047AB4D /* MovieDBService.swift */,
				30E7473B1F2A55B500751CF9 /* MoviePersistanceService.swift */,
			);
			path = Service;
			sourceTree = "<group>";
		};
		308C71C31F2A23C60047AB4D /* NowPlaying */ = {
			isa = PBXGroup;
			children = (
				308C71C41F2A23E70047AB4D /* NowPlayingViewModel.swift */,
				308C71BD1F2A1E080047AB4D /* NowPlaying.swift */,
				30E747381F2A441D00751CF9 /* MovieSummary.swift */,
				308C718B1F2A1B1E0047AB4D /* NowPlayingViewController.swift */,
				30CAE6581F2A33B400437314 /* MovieSummaryCell.swift */,
				30E747361F2A42E000751CF9 /* MovieSummaryViewModel.swift */,
				30E7473D1F2A688300751CF9 /* MovieSummaryCell.xib */,
			);
			path = NowPlaying;
			sourceTree = "<group>";
		};
		30E7473A1F2A481600751CF9 /* Extensions */ = {
			isa = PBXGroup;
			children = (
				30CAE65A1F2A34AB00437314 /* UIImageViewExtension.swift */,
			);
			name = Extensions;
			sourceTree = "<group>";
		};
		30E8026E1F2A78D00015816B /* FilterOptions */ = {
			isa = PBXGroup;
			children = (
				30E8026F1F2A78E20015816B /* FilterOptionsViewController.swift */,
			);
			path = FilterOptions;
			sourceTree = "<group>";
		};
/* End PBXGroup section */

/* Begin PBXNativeTarget section */
		308C71851F2A1B1E0047AB4D /* MovieDB */ = {
			isa = PBXNativeTarget;
			buildConfigurationList = 308C71B01F2A1B1E0047AB4D /* Build configuration list for PBXNativeTarget "MovieDB" */;
			buildPhases = (
				308C71821F2A1B1E0047AB4D /* Sources */,
				308C71831F2A1B1E0047AB4D /* Frameworks */,
				308C71841F2A1B1E0047AB4D /* Resources */,
			);
			buildRules = (
			);
			dependencies = (
			);
			name = MovieDB;
			productName = MovieDB;
			productReference = 308C71861F2A1B1E0047AB4D /* MovieDB.app */;
			productType = "com.apple.product-type.application";
		};
		308C719B1F2A1B1E0047AB4D /* MovieDBTests */ = {
			isa = PBXNativeTarget;
			buildConfigurationList = 308C71B31F2A1B1E0047AB4D /* Build configuration list for PBXNativeTarget "MovieDBTests" */;
			buildPhases = (
				308C71981F2A1B1E0047AB4D /* Sources */,
				308C71991F2A1B1E0047AB4D /* Frameworks */,
				308C719A1F2A1B1E0047AB4D /* Resources */,
			);
			buildRules = (
			);
			dependencies = (
				308C719E1F2A1B1E0047AB4D /* PBXTargetDependency */,
			);
			name = MovieDBTests;
			productName = MovieDBTests;
			productReference = 308C719C1F2A1B1E0047AB4D /* MovieDBTests.xctest */;
			productType = "com.apple.product-type.bundle.unit-test";
		};
		308C71A61F2A1B1E0047AB4D /* MovieDBUITests */ = {
			isa = PBXNativeTarget;
			buildConfigurationList = 308C71B61F2A1B1E0047AB4D /* Build configuration list for PBXNativeTarget "MovieDBUITests" */;
			buildPhases = (
				308C71A31F2A1B1E0047AB4D /* Sources */,
				308C71A41F2A1B1E0047AB4D /* Frameworks */,
				308C71A51F2A1B1E0047AB4D /* Resources */,
			);
			buildRules = (
			);
			dependencies = (
				308C71A91F2A1B1E0047AB4D /* PBXTargetDependency */,
			);
			name = MovieDBUITests;
			productName = MovieDBUITests;
			productReference = 308C71A71F2A1B1E0047AB4D /* MovieDBUITests.xctest */;
			productType = "com.apple.product-type.bundle.ui-testing";
		};
/* End PBXNativeTarget section */

/* Begin PBXProject section */
		308C717E1F2A1B1E0047AB4D /* Project object */ = {
			isa = PBXProject;
			attributes = {
				LastSwiftUpdateCheck = 0900;
				LastUpgradeCheck = 0900;
				ORGANIZATIONNAME = "Marks and Spencer";
				TargetAttributes = {
					308C71851F2A1B1E0047AB4D = {
						CreatedOnToolsVersion = 9.0;
						ProvisioningStyle = Automatic;
					};
					308C719B1F2A1B1E0047AB4D = {
						CreatedOnToolsVersion = 9.0;
						TestTargetID = 308C71851F2A1B1E0047AB4D;
					};
					308C71A61F2A1B1E0047AB4D = {
						CreatedOnToolsVersion = 9.0;
						TestTargetID = 308C71851F2A1B1E0047AB4D;
					};
				};
			};
			buildConfigurationList = 308C71811F2A1B1E0047AB4D /* Build configuration list for PBXProject "MovieDB" */;
			compatibilityVersion = "Xcode 8.0";
			developmentRegion = en;
			hasScannedForEncodings = 0;
			knownRegions = (
				en,
				Base,
			);
			mainGroup = 308C717D1F2A1B1E0047AB4D;
			productRefGroup = 308C71871F2A1B1E0047AB4D /* Products */;
			projectDirPath = "";
			projectRoot = "";
			targets = (
				308C71851F2A1B1E0047AB4D /* MovieDB */,
				308C719B1F2A1B1E0047AB4D /* MovieDBTests */,
				308C71A61F2A1B1E0047AB4D /* MovieDBUITests */,
			);
		};
/* End PBXProject section */

/* Begin PBXResourcesBuildPhase section */
		308C71841F2A1B1E0047AB4D /* Resources */ = {
			isa = PBXResourcesBuildPhase;
			buildActionMask = 2147483647;
			files = (
				308C71961F2A1B1E0047AB4D /* LaunchScreen.storyboard in Resources */,
				308C71931F2A1B1E0047AB4D /* Assets.xcassets in Resources */,
				308C71911F2A1B1E0047AB4D /* Main.storyboard in Resources */,
				30E7473E1F2A688300751CF9 /* MovieSummaryCell.xib in Resources */,
			);
			runOnlyForDeploymentPostprocessing = 0;
		};
		308C719A1F2A1B1E0047AB4D /* Resources */ = {
			isa = PBXResourcesBuildPhase;
			buildActionMask = 2147483647;
			files = (
			);
			runOnlyForDeploymentPostprocessing = 0;
		};
		308C71A51F2A1B1E0047AB4D /* Resources */ = {
			isa = PBXResourcesBuildPhase;
			buildActionMask = 2147483647;
			files = (
			);
			runOnlyForDeploymentPostprocessing = 0;
		};
/* End PBXResourcesBuildPhase section */

/* Begin PBXSourcesBuildPhase section */
		308C71821F2A1B1E0047AB4D /* Sources */ = {
			isa = PBXSourcesBuildPhase;
			buildActionMask = 2147483647;
			files = (
				30CAE65B1F2A34AB00437314 /* UIImageViewExtension.swift in Sources */,
				30E802701F2A78E20015816B /* FilterOptionsViewController.swift in Sources */,
				308C71C51F2A23E70047AB4D /* NowPlayingViewModel.swift in Sources */,
				308C718E1F2A1B1E0047AB4D /* MovieDetailsViewController.swift in Sources */,
				305E129A1F2A807D00A64D68 /* FavouritesCell.swift in Sources */,
				30E747391F2A441D00751CF9 /* MovieSummary.swift in Sources */,
				305E12981F2A7F5500A64D68 /* FavouritesTableViewController.swift in Sources */,
				308C71BE1F2A1E080047AB4D /* NowPlaying.swift in Sources */,
				308C71C01F2A1F270047AB4D /* Movie.swift in Sources */,
				308C718C1F2A1B1E0047AB4D /* NowPlayingViewController.swift in Sources */,
				30CAE6591F2A33B400437314 /* MovieSummaryCell.swift in Sources */,
				308C71BC1F2A1CE60047AB4D /* MovieDBService.swift in Sources */,
				30E747371F2A42E000751CF9 /* MovieSummaryViewModel.swift in Sources */,
				30CAE65D1F2A395400437314 /* MovieViewModel.swift in Sources */,
				308C718A1F2A1B1E0047AB4D /* AppDelegate.swift in Sources */,
				30E7473C1F2A55B500751CF9 /* MoviePersistanceService.swift in Sources */,
				308C71C21F2A1FA10047AB4D /* MovieCollection.swift in Sources */,
			);
			runOnlyForDeploymentPostprocessing = 0;
		};
		308C71981F2A1B1E0047AB4D /* Sources */ = {
			isa = PBXSourcesBuildPhase;
			buildActionMask = 2147483647;
			files = (
				30F4F2F71F2B223D0054924B /* NowPlayingViewModelTests.swift in Sources */,
				30D3AFD81F2B6C8D0057C616 /* FilterTests.swift in Sources */,
				30D3AFDA1F2B6DCD0057C616 /* SortByTests.swift in Sources */,
				308C71A11F2A1B1E0047AB4D /* MovieDBTests.swift in Sources */,
			);
			runOnlyForDeploymentPostprocessing = 0;
		};
		308C71A31F2A1B1E0047AB4D /* Sources */ = {
			isa = PBXSourcesBuildPhase;
			buildActionMask = 2147483647;
			files = (
				308C71AC1F2A1B1E0047AB4D /* MovieDBUITests.swift in Sources */,
			);
			runOnlyForDeploymentPostprocessing = 0;
		};
/* End PBXSourcesBuildPhase section */

/* Begin PBXTargetDependency section */
		308C719E1F2A1B1E0047AB4D /* PBXTargetDependency */ = {
			isa = PBXTargetDependency;
			target = 308C71851F2A1B1E0047AB4D /* MovieDB */;
			targetProxy = 308C719D1F2A1B1E0047AB4D /* PBXContainerItemProxy */;
		};
		308C71A91F2A1B1E0047AB4D /* PBXTargetDependency */ = {
			isa = PBXTargetDependency;
			target = 308C71851F2A1B1E0047AB4D /* MovieDB */;
			targetProxy = 308C71A81F2A1B1E0047AB4D /* PBXContainerItemProxy */;
		};
/* End PBXTargetDependency section */

/* Begin PBXVariantGroup section */
		308C718F1F2A1B1E0047AB4D /* Main.storyboard */ = {
			isa = PBXVariantGroup;
			children = (
				308C71901F2A1B1E0047AB4D /* Base */,
			);
			name = Main.storyboard;
			sourceTree = "<group>";
		};
		308C71941F2A1B1E0047AB4D /* LaunchScreen.storyboard */ = {
			isa = PBXVariantGroup;
			children = (
				308C71951F2A1B1E0047AB4D /* Base */,
			);
			name = LaunchScreen.storyboard;
			sourceTree = "<group>";
		};
/* End PBXVariantGroup section */

/* Begin XCBuildConfiguration section */
		308C71AE1F2A1B1E0047AB4D /* Debug */ = {
			isa = XCBuildConfiguration;
			buildSettings = {
				ALWAYS_SEARCH_USER_PATHS = NO;
				CLANG_ANALYZER_NONNULL = YES;
				CLANG_ANALYZER_NUMBER_OBJECT_CONVERSION = YES_AGGRESSIVE;
				CLANG_CXX_LANGUAGE_STANDARD = "gnu++14";
				CLANG_CXX_LIBRARY = "libc++";
				CLANG_ENABLE_MODULES = YES;
				CLANG_ENABLE_OBJC_ARC = YES;
				CLANG_WARN_BLOCK_CAPTURE_AUTORELEASING = YES;
				CLANG_WARN_BOOL_CONVERSION = YES;
				CLANG_WARN_COMMA = YES;
				CLANG_WARN_CONSTANT_CONVERSION = YES;
				CLANG_WARN_DIRECT_OBJC_ISA_USAGE = YES_ERROR;
				CLANG_WARN_DOCUMENTATION_COMMENTS = YES;
				CLANG_WARN_EMPTY_BODY = YES;
				CLANG_WARN_ENUM_CONVERSION = YES;
				CLANG_WARN_INFINITE_RECURSION = YES;
				CLANG_WARN_INT_CONVERSION = YES;
				CLANG_WARN_OBJC_ROOT_CLASS = YES_ERROR;
				CLANG_WARN_RANGE_LOOP_ANALYSIS = YES;
				CLANG_WARN_STRICT_PROTOTYPES = YES;
				CLANG_WARN_SUSPICIOUS_MOVE = YES;
				CLANG_WARN_UNGUARDED_AVAILABILITY = YES_AGGRESSIVE;
				CLANG_WARN_UNREACHABLE_CODE = YES;
				CLANG_WARN__DUPLICATE_METHOD_MATCH = YES;
				CODE_SIGN_IDENTITY = "iPhone Developer";
				COPY_PHASE_STRIP = NO;
				DEBUG_INFORMATION_FORMAT = dwarf;
				ENABLE_STRICT_OBJC_MSGSEND = YES;
				ENABLE_TESTABILITY = YES;
				GCC_C_LANGUAGE_STANDARD = gnu11;
				GCC_DYNAMIC_NO_PIC = NO;
				GCC_NO_COMMON_BLOCKS = YES;
				GCC_OPTIMIZATION_LEVEL = 0;
				GCC_PREPROCESSOR_DEFINITIONS = (
					"DEBUG=1",
					"$(inherited)",
				);
				GCC_WARN_64_TO_32_BIT_CONVERSION = YES;
				GCC_WARN_ABOUT_RETURN_TYPE = YES_ERROR;
				GCC_WARN_UNDECLARED_SELECTOR = YES;
				GCC_WARN_UNINITIALIZED_AUTOS = YES_AGGRESSIVE;
				GCC_WARN_UNUSED_FUNCTION = YES;
				GCC_WARN_UNUSED_VARIABLE = YES;
				IPHONEOS_DEPLOYMENT_TARGET = 11.0;
				MTL_ENABLE_DEBUG_INFO = YES;
				ONLY_ACTIVE_ARCH = YES;
				SDKROOT = iphoneos;
				SWIFT_ACTIVE_COMPILATION_CONDITIONS = DEBUG;
				SWIFT_OPTIMIZATION_LEVEL = "-Onone";
			};
			name = Debug;
		};
		308C71AF1F2A1B1E0047AB4D /* Release */ = {
			isa = XCBuildConfiguration;
			buildSettings = {
				ALWAYS_SEARCH_USER_PATHS = NO;
				CLANG_ANALYZER_NONNULL = YES;
				CLANG_ANALYZER_NUMBER_OBJECT_CONVERSION = YES_AGGRESSIVE;
				CLANG_CXX_LANGUAGE_STANDARD = "gnu++14";
				CLANG_CXX_LIBRARY = "libc++";
				CLANG_ENABLE_MODULES = YES;
				CLANG_ENABLE_OBJC_ARC = YES;
				CLANG_WARN_BLOCK_CAPTURE_AUTORELEASING = YES;
				CLANG_WARN_BOOL_CONVERSION = YES;
				CLANG_WARN_COMMA = YES;
				CLANG_WARN_CONSTANT_CONVERSION = YES;
				CLANG_WARN_DIRECT_OBJC_ISA_USAGE = YES_ERROR;
				CLANG_WARN_DOCUMENTATION_COMMENTS = YES;
				CLANG_WARN_EMPTY_BODY = YES;
				CLANG_WARN_ENUM_CONVERSION = YES;
				CLANG_WARN_INFINITE_RECURSION = YES;
				CLANG_WARN_INT_CONVERSION = YES;
				CLANG_WARN_OBJC_ROOT_CLASS = YES_ERROR;
				CLANG_WARN_RANGE_LOOP_ANALYSIS = YES;
				CLANG_WARN_STRICT_PROTOTYPES = YES;
				CLANG_WARN_SUSPICIOUS_MOVE = YES;
				CLANG_WARN_UNGUARDED_AVAILABILITY = YES_AGGRESSIVE;
				CLANG_WARN_UNREACHABLE_CODE = YES;
				CLANG_WARN__DUPLICATE_METHOD_MATCH = YES;
				CODE_SIGN_IDENTITY = "iPhone Developer";
				COPY_PHASE_STRIP = NO;
				DEBUG_INFORMATION_FORMAT = "dwarf-with-dsym";
				ENABLE_NS_ASSERTIONS = NO;
				ENABLE_STRICT_OBJC_MSGSEND = YES;
				GCC_C_LANGUAGE_STANDARD = gnu11;
				GCC_NO_COMMON_BLOCKS = YES;
				GCC_WARN_64_TO_32_BIT_CONVERSION = YES;
				GCC_WARN_ABOUT_RETURN_TYPE = YES_ERROR;
				GCC_WARN_UNDECLARED_SELECTOR = YES;
				GCC_WARN_UNINITIALIZED_AUTOS = YES_AGGRESSIVE;
				GCC_WARN_UNUSED_FUNCTION = YES;
				GCC_WARN_UNUSED_VARIABLE = YES;
				IPHONEOS_DEPLOYMENT_TARGET = 11.0;
				MTL_ENABLE_DEBUG_INFO = NO;
				SDKROOT = iphoneos;
				SWIFT_OPTIMIZATION_LEVEL = "-Owholemodule";
				VALIDATE_PRODUCT = YES;
			};
			name = Release;
		};
		308C71B11F2A1B1E0047AB4D /* Debug */ = {
			isa = XCBuildConfiguration;
			buildSettings = {
				ASSETCATALOG_COMPILER_APPICON_NAME = AppIcon;
				"CODE_SIGN_IDENTITY[sdk=iphoneos*]" = "iPhone Developer";
				CODE_SIGN_STYLE = Automatic;
				DEVELOPMENT_TEAM = ZF2BPJK26D;
				INFOPLIST_FILE = MovieDB/Info.plist;
				LD_RUNPATH_SEARCH_PATHS = "$(inherited) @executable_path/Frameworks";
				PRODUCT_BUNDLE_IDENTIFIER = com.marksandspencer.test.MovieDB;
				PRODUCT_NAME = "$(TARGET_NAME)";
				PROVISIONING_PROFILE = "";
				PROVISIONING_PROFILE_SPECIFIER = "";
				SWIFT_VERSION = 4.0;
				TARGETED_DEVICE_FAMILY = "1,2";
			};
			name = Debug;
		};
		308C71B21F2A1B1E0047AB4D /* Release */ = {
			isa = XCBuildConfiguration;
			buildSettings = {
				ASSETCATALOG_COMPILER_APPICON_NAME = AppIcon;
				"CODE_SIGN_IDENTITY[sdk=iphoneos*]" = "iPhone Developer";
				CODE_SIGN_STYLE = Automatic;
				DEVELOPMENT_TEAM = ZF2BPJK26D;
				INFOPLIST_FILE = MovieDB/Info.plist;
				LD_RUNPATH_SEARCH_PATHS = "$(inherited) @executable_path/Frameworks";
				PRODUCT_BUNDLE_IDENTIFIER = com.marksandspencer.test.MovieDB;
				PRODUCT_NAME = "$(TARGET_NAME)";
				PROVISIONING_PROFILE_SPECIFIER = "";
				SWIFT_VERSION = 4.0;
				TARGETED_DEVICE_FAMILY = "1,2";
			};
			name = Release;
		};
		308C71B41F2A1B1E0047AB4D /* Debug */ = {
			isa = XCBuildConfiguration;
			buildSettings = {
				ALWAYS_EMBED_SWIFT_STANDARD_LIBRARIES = YES;
				BUNDLE_LOADER = "$(TEST_HOST)";
				DEVELOPMENT_TEAM = F4FKZMR5MG;
				INFOPLIST_FILE = MovieDBTests/Info.plist;
				LD_RUNPATH_SEARCH_PATHS = "$(inherited) @executable_path/Frameworks @loader_path/Frameworks";
				PRODUCT_BUNDLE_IDENTIFIER = com.marksandspencer.test.MovieDBTests;
				PRODUCT_NAME = "$(TARGET_NAME)";
				SWIFT_VERSION = 4.0;
				TARGETED_DEVICE_FAMILY = "1,2";
				TEST_HOST = "$(BUILT_PRODUCTS_DIR)/MovieDB.app/MovieDB";
			};
			name = Debug;
		};
		308C71B51F2A1B1E0047AB4D /* Release */ = {
			isa = XCBuildConfiguration;
			buildSettings = {
				ALWAYS_EMBED_SWIFT_STANDARD_LIBRARIES = YES;
				BUNDLE_LOADER = "$(TEST_HOST)";
				DEVELOPMENT_TEAM = F4FKZMR5MG;
				INFOPLIST_FILE = MovieDBTests/Info.plist;
				LD_RUNPATH_SEARCH_PATHS = "$(inherited) @executable_path/Frameworks @loader_path/Frameworks";
				PRODUCT_BUNDLE_IDENTIFIER = com.marksandspencer.test.MovieDBTests;
				PRODUCT_NAME = "$(TARGET_NAME)";
				SWIFT_VERSION = 4.0;
				TARGETED_DEVICE_FAMILY = "1,2";
				TEST_HOST = "$(BUILT_PRODUCTS_DIR)/MovieDB.app/MovieDB";
			};
			name = Release;
		};
		308C71B71F2A1B1E0047AB4D /* Debug */ = {
			isa = XCBuildConfiguration;
			buildSettings = {
				ALWAYS_EMBED_SWIFT_STANDARD_LIBRARIES = YES;
				DEVELOPMENT_TEAM = F4FKZMR5MG;
				INFOPLIST_FILE = MovieDBUITests/Info.plist;
				LD_RUNPATH_SEARCH_PATHS = "$(inherited) @executable_path/Frameworks @loader_path/Frameworks";
				PRODUCT_BUNDLE_IDENTIFIER = com.marksandspencer.test.MovieDBUITests;
				PRODUCT_NAME = "$(TARGET_NAME)";
				SWIFT_VERSION = 4.0;
				TARGETED_DEVICE_FAMILY = "1,2";
				TEST_TARGET_NAME = MovieDB;
			};
			name = Debug;
		};
		308C71B81F2A1B1E0047AB4D /* Release */ = {
			isa = XCBuildConfiguration;
			buildSettings = {
				ALWAYS_EMBED_SWIFT_STANDARD_LIBRARIES = YES;
				DEVELOPMENT_TEAM = F4FKZMR5MG;
				INFOPLIST_FILE = MovieDBUITests/Info.plist;
				LD_RUNPATH_SEARCH_PATHS = "$(inherited) @executable_path/Frameworks @loader_path/Frameworks";
				PRODUCT_BUNDLE_IDENTIFIER = com.marksandspencer.test.MovieDBUITests;
				PRODUCT_NAME = "$(TARGET_NAME)";
				SWIFT_VERSION = 4.0;
				TARGETED_DEVICE_FAMILY = "1,2";
				TEST_TARGET_NAME = MovieDB;
			};
			name = Release;
		};
/* End XCBuildConfiguration section */

/* Begin XCConfigurationList section */
		308C71811F2A1B1E0047AB4D /* Build configuration list for PBXProject "MovieDB" */ = {
			isa = XCConfigurationList;
			buildConfigurations = (
				308C71AE1F2A1B1E0047AB4D /* Debug */,
				308C71AF1F2A1B1E0047AB4D /* Release */,
			);
			defaultConfigurationIsVisible = 0;
			defaultConfigurationName = Release;
		};
		308C71B01F2A1B1E0047AB4D /* Build configuration list for PBXNativeTarget "MovieDB" */ = {
			isa = XCConfigurationList;
			buildConfigurations = (
				308C71B11F2A1B1E0047AB4D /* Debug */,
				308C71B21F2A1B1E0047AB4D /* Release */,
			);
			defaultConfigurationIsVisible = 0;
			defaultConfigurationName = Release;
		};
		308C71B31F2A1B1E0047AB4D /* Build configuration list for PBXNativeTarget "MovieDBTests" */ = {
			isa = XCConfigurationList;
			buildConfigurations = (
				308C71B41F2A1B1E0047AB4D /* Debug */,
				308C71B51F2A1B1E0047AB4D /* Release */,
			);
			defaultConfigurationIsVisible = 0;
			defaultConfigurationName = Release;
		};
		308C71B61F2A1B1E0047AB4D /* Build configuration list for PBXNativeTarget "MovieDBUITests" */ = {
			isa = XCConfigurationList;
			buildConfigurations = (
				308C71B71F2A1B1E0047AB4D /* Debug */,
				308C71B81F2A1B1E0047AB4D /* Release */,
			);
			defaultConfigurationIsVisible = 0;
			defaultConfigurationName = Release;
		};
/* End XCConfigurationList section */
	};
	rootObject = 308C717E1F2A1B1E0047AB4D /* Project object */;
}
